
Microsoft Visual Studio Solution File, Format Version 12.00
# Visual Studio 2012
Project("{FAE04EC0-301F-11D3-BF4B-00C04F79EFBC}") = "محمود اغh lesson 6 code 1", "محمود اغh lesson 6 code 1\محمود اغh lesson 6 code 1.csproj", "{34AF32A2-1FD2-4C5C-8518-4ABE23F17468}"
EndProject
Global
	GlobalSection(SolutionConfigurationPlatforms) = preSolution
		Debug|Any CPU = Debug|Any CPU
		Release|Any CPU = Release|Any CPU
	EndGlobalSection
	GlobalSection(ProjectConfigurationPlatforms) = postSolution
		{34AF32A2-1FD2-4C5C-8518-4ABE23F17468}.Debug|Any CPU.ActiveCfg = Debug|Any CPU
		{34AF32A2-1FD2-4C5C-8518-4ABE23F17468}.Debug|Any CPU.Build.0 = Debug|Any CPU
		{34AF32A2-1FD2-4C5C-8518-4ABE23F17468}.Release|Any CPU.ActiveCfg = Release|Any CPU
		{34AF32A2-1FD2-4C5C-8518-4ABE23F17468}.Release|Any CPU.Build.0 = Release|Any CPU
	EndGlobalSection
	GlobalSection(SolutionProperties) = preSolution
		HideSolutionNode = FALSE
	EndGlobalSection
EndGlobal
